
Microsoft Visual Studio Solution File, Format Version 12.00
# Visual Studio Version 16
VisualStudioVersion = 16.0.30413.136
MinimumVisualStudioVersion = 10.0.40219.1
Project("{9A19103F-16F7-4668-BE54-9A1E7A4F7556}") = "TiposDeDados", "TiposDeDados\TiposDeDados.csproj", "{EE959A1B-1616-4E56-91D7-0D5DCC138D3A}"
EndProject
Project("{9A19103F-16F7-4668-BE54-9A1E7A4F7556}") = "SaidaDeDados", "SaidaDeDados\SaidaDeDados.csproj", "{311D6E57-2987-4E17-980D-A3715DA3B9B1}"
EndProject
Project("{9A19103F-16F7-4668-BE54-9A1E7A4F7556}") = "Exercicio1", "Exercicio1\Exercicio1.csproj", "{12941485-55F0-4889-8603-9C76A27BB2C8}"
EndProject
Project("{9A19103F-16F7-4668-BE54-9A1E7A4F7556}") = "OperadoresDeAtribuicao", "OperadoresDeAtribuicao\OperadoresDeAtribuicao.csproj", "{564B917D-051A-49A0-92CE-86E2EC3970C8}"
EndProject
Project("{9A19103F-16F7-4668-BE54-9A1E7A4F7556}") = "ConversaoImplicitaCasting", "ConversaoImplicitaCasting\ConversaoImplicitaCasting.csproj", "{A51D6CD4-A9B6-4513-880A-42F51C8BCB03}"
EndProject
Project("{9A19103F-16F7-4668-BE54-9A1E7A4F7556}") = "OperadoresAritmeticos", "OperadoresAritmeticos\OperadoresAritmeticos.csproj", "{BEAFDD85-D55A-46DD-A1E3-D32BD7514A59}"
EndProject
Project("{FAE04EC0-301F-11D3-BF4B-00C04F79EFBC}") = "EntradaDeDados", "EntradaDeDados\EntradaDeDados.csproj", "{23EB7D82-3A5C-4E5F-853A-196A859AC0A7}"
EndProject
Project("{FAE04EC0-301F-11D3-BF4B-00C04F79EFBC}") = "Exercicio2", "Exercicio2\Exercicio2.csproj", "{F063D8D3-F991-43F4-A5B6-E926695F4DEE}"
EndProject
Project("{FAE04EC0-301F-11D3-BF4B-00C04F79EFBC}") = "OperadoresComparativos", "OperadoresComparativos\OperadoresComparativos.csproj", "{8677D619-83CD-4D0B-B1D1-54AD3762CCB7}"
EndProject
Project("{FAE04EC0-301F-11D3-BF4B-00C04F79EFBC}") = "OperadoresLogicos", "OperadoresLogicos\OperadoresLogicos.csproj", "{0D4261FE-9841-420E-B59C-C08FE7CD3A8E}"
EndProject
Project("{FAE04EC0-301F-11D3-BF4B-00C04F79EFBC}") = "EstruturaCondicionalIfElse", "EstruturaCondicionalIfElse\EstruturaCondicionalIfElse.csproj", "{8032DAFC-2907-4A1A-905B-80EE9E7DEF3A}"
EndProject
Project("{FAE04EC0-301F-11D3-BF4B-00C04F79EFBC}") = "Funcao", "Funcao\Funcao.csproj", "{AFA152A2-ABF0-40BA-8C93-4532BC3D90A2}"
EndProject
Project("{FAE04EC0-301F-11D3-BF4B-00C04F79EFBC}") = "While", "While\While.csproj", "{D149B5C6-97DF-4F6C-8302-EB12363EBE98}"
EndProject
Global
	GlobalSection(SolutionConfigurationPlatforms) = preSolution
		Debug|Any CPU = Debug|Any CPU
		Release|Any CPU = Release|Any CPU
	EndGlobalSection
	GlobalSection(ProjectConfigurationPlatforms) = postSolution
		{EE959A1B-1616-4E56-91D7-0D5DCC138D3A}.Debug|Any CPU.ActiveCfg = Debug|Any CPU
		{EE959A1B-1616-4E56-91D7-0D5DCC138D3A}.Debug|Any CPU.Build.0 = Debug|Any CPU
		{EE959A1B-1616-4E56-91D7-0D5DCC138D3A}.Release|Any CPU.ActiveCfg = Release|Any CPU
		{EE959A1B-1616-4E56-91D7-0D5DCC138D3A}.Release|Any CPU.Build.0 = Release|Any CPU
		{311D6E57-2987-4E17-980D-A3715DA3B9B1}.Debug|Any CPU.ActiveCfg = Debug|Any CPU
		{311D6E57-2987-4E17-980D-A3715DA3B9B1}.Debug|Any CPU.Build.0 = Debug|Any CPU
		{311D6E57-2987-4E17-980D-A3715DA3B9B1}.Release|Any CPU.ActiveCfg = Release|Any CPU
		{311D6E57-2987-4E17-980D-A3715DA3B9B1}.Release|Any CPU.Build.0 = Release|Any CPU
		{12941485-55F0-4889-8603-9C76A27BB2C8}.Debug|Any CPU.ActiveCfg = Debug|Any CPU
		{12941485-55F0-4889-8603-9C76A27BB2C8}.Debug|Any CPU.Build.0 = Debug|Any CPU
		{12941485-55F0-4889-8603-9C76A27BB2C8}.Release|Any CPU.ActiveCfg = Release|Any CPU
		{12941485-55F0-4889-8603-9C76A27BB2C8}.Release|Any CPU.Build.0 = Release|Any CPU
		{564B917D-051A-49A0-92CE-86E2EC3970C8}.Debug|Any CPU.ActiveCfg = Debug|Any CPU
		{564B917D-051A-49A0-92CE-86E2EC3970C8}.Debug|Any CPU.Build.0 = Debug|Any CPU
		{564B917D-051A-49A0-92CE-86E2EC3970C8}.Release|Any CPU.ActiveCfg = Release|Any CPU
		{564B917D-051A-49A0-92CE-86E2EC3970C8}.Release|Any CPU.Build.0 = Release|Any CPU
		{A51D6CD4-A9B6-4513-880A-42F51C8BCB03}.Debug|Any CPU.ActiveCfg = Debug|Any CPU
		{A51D6CD4-A9B6-4513-880A-42F51C8BCB03}.Debug|Any CPU.Build.0 = Debug|Any CPU
		{A51D6CD4-A9B6-4513-880A-42F51C8BCB03}.Release|Any CPU.ActiveCfg = Release|Any CPU
		{A51D6CD4-A9B6-4513-880A-42F51C8BCB03}.Release|Any CPU.Build.0 = Release|Any CPU
		{BEAFDD85-D55A-46DD-A1E3-D32BD7514A59}.Debug|Any CPU.ActiveCfg = Debug|Any CPU
		{BEAFDD85-D55A-46DD-A1E3-D32BD7514A59}.Debug|Any CPU.Build.0 = Debug|Any CPU
		{BEAFDD85-D55A-46DD-A1E3-D32BD7514A59}.Release|Any CPU.ActiveCfg = Release|Any CPU
		{BEAFDD85-D55A-46DD-A1E3-D32BD7514A59}.Release|Any CPU.Build.0 = Release|Any CPU
		{23EB7D82-3A5C-4E5F-853A-196A859AC0A7}.Debug|Any CPU.ActiveCfg = Debug|Any CPU
		{23EB7D82-3A5C-4E5F-853A-196A859AC0A7}.Debug|Any CPU.Build.0 = Debug|Any CPU
		{23EB7D82-3A5C-4E5F-853A-196A859AC0A7}.Release|Any CPU.ActiveCfg = Release|Any CPU
		{23EB7D82-3A5C-4E5F-853A-196A859AC0A7}.Release|Any CPU.Build.0 = Release|Any CPU
		{F063D8D3-F991-43F4-A5B6-E926695F4DEE}.Debug|Any CPU.ActiveCfg = Debug|Any CPU
		{F063D8D3-F991-43F4-A5B6-E926695F4DEE}.Debug|Any CPU.Build.0 = Debug|Any CPU
		{F063D8D3-F991-43F4-A5B6-E926695F4DEE}.Release|Any CPU.ActiveCfg = Release|Any CPU
		{F063D8D3-F991-43F4-A5B6-E926695F4DEE}.Release|Any CPU.Build.0 = Release|Any CPU
		{8677D619-83CD-4D0B-B1D1-54AD3762CCB7}.Debug|Any CPU.ActiveCfg = Debug|Any CPU
		{8677D619-83CD-4D0B-B1D1-54AD3762CCB7}.Debug|Any CPU.Build.0 = Debug|Any CPU
		{8677D619-83CD-4D0B-B1D1-54AD3762CCB7}.Release|Any CPU.ActiveCfg = Release|Any CPU
		{8677D619-83CD-4D0B-B1D1-54AD3762CCB7}.Release|Any CPU.Build.0 = Release|Any CPU
		{0D4261FE-9841-420E-B59C-C08FE7CD3A8E}.Debug|Any CPU.ActiveCfg = Debug|Any CPU
		{0D4261FE-9841-420E-B59C-C08FE7CD3A8E}.Debug|Any CPU.Build.0 = Debug|Any CPU
		{0D4261FE-9841-420E-B59C-C08FE7CD3A8E}.Release|Any CPU.ActiveCfg = Release|Any CPU
		{0D4261FE-9841-420E-B59C-C08FE7CD3A8E}.Release|Any CPU.Build.0 = Release|Any CPU
		{8032DAFC-2907-4A1A-905B-80EE9E7DEF3A}.Debug|Any CPU.ActiveCfg = Debug|Any CPU
		{8032DAFC-2907-4A1A-905B-80EE9E7DEF3A}.Debug|Any CPU.Build.0 = Debug|Any CPU
		{8032DAFC-2907-4A1A-905B-80EE9E7DEF3A}.Release|Any CPU.ActiveCfg = Release|Any CPU
		{8032DAFC-2907-4A1A-905B-80EE9E7DEF3A}.Release|Any CPU.Build.0 = Release|Any CPU
		{AFA152A2-ABF0-40BA-8C93-4532BC3D90A2}.Debug|Any CPU.ActiveCfg = Debug|Any CPU
		{AFA152A2-ABF0-40BA-8C93-4532BC3D90A2}.Debug|Any CPU.Build.0 = Debug|Any CPU
		{AFA152A2-ABF0-40BA-8C93-4532BC3D90A2}.Release|Any CPU.ActiveCfg = Release|Any CPU
		{AFA152A2-ABF0-40BA-8C93-4532BC3D90A2}.Release|Any CPU.Build.0 = Release|Any CPU
		{D149B5C6-97DF-4F6C-8302-EB12363EBE98}.Debug|Any CPU.ActiveCfg = Debug|Any CPU
		{D149B5C6-97DF-4F6C-8302-EB12363EBE98}.Debug|Any CPU.Build.0 = Debug|Any CPU
		{D149B5C6-97DF-4F6C-8302-EB12363EBE98}.Release|Any CPU.ActiveCfg = Release|Any CPU
		{D149B5C6-97DF-4F6C-8302-EB12363EBE98}.Release|Any CPU.Build.0 = Release|Any CPU
	EndGlobalSection
	GlobalSection(SolutionProperties) = preSolution
		HideSolutionNode = FALSE
	EndGlobalSection
	GlobalSection(ExtensibilityGlobals) = postSolution
		SolutionGuid = {FDE31A0C-2E4C-4E7E-BFA3-92B105741405}
	EndGlobalSection
EndGlobal
