
Microsoft Visual Studio Solution File, Format Version 12.00
# Visual Studio Version 16
VisualStudioVersion = 16.0.30413.136
MinimumVisualStudioVersion = 10.0.40219.1
Project("{FAE04EC0-301F-11D3-BF4B-00C04F79EFBC}") = "TiposDeDados", "TiposDeDados\TiposDeDados.csproj", "{EE959A1B-1616-4E56-91D7-0D5DCC138D3A}"
EndProject
Global
	GlobalSection(SolutionConfigurationPlatforms) = preSolution
		Debug|Any CPU = Debug|Any CPU
		Release|Any CPU = Release|Any CPU
	EndGlobalSection
	GlobalSection(ProjectConfigurationPlatforms) = postSolution
		{EE959A1B-1616-4E56-91D7-0D5DCC138D3A}.Debug|Any CPU.ActiveCfg = Debug|Any CPU
		{EE959A1B-1616-4E56-91D7-0D5DCC138D3A}.Debug|Any CPU.Build.0 = Debug|Any CPU
		{EE959A1B-1616-4E56-91D7-0D5DCC138D3A}.Release|Any CPU.ActiveCfg = Release|Any CPU
		{EE959A1B-1616-4E56-91D7-0D5DCC138D3A}.Release|Any CPU.Build.0 = Release|Any CPU
	EndGlobalSection
	GlobalSection(SolutionProperties) = preSolution
		HideSolutionNode = FALSE
	EndGlobalSection
	GlobalSection(ExtensibilityGlobals) = postSolution
		SolutionGuid = {FDE31A0C-2E4C-4E7E-BFA3-92B105741405}
	EndGlobalSection
EndGlobal
