
Microsoft Visual Studio Solution File, Format Version 12.00
# Visual Studio Version 16
VisualStudioVersion = 16.0.30413.136
MinimumVisualStudioVersion = 10.0.40219.1
Project("{FAE04EC0-301F-11D3-BF4B-00C04F79EFBC}") = "ProblemaSemOrientacaoObjetos", "ProblemaSemOrientacaoObjetos\ProblemaSemOrientacaoObjetos.csproj", "{A2F74CF4-0597-4809-A6BE-EB61515D5381}"
EndProject
Project("{FAE04EC0-301F-11D3-BF4B-00C04F79EFBC}") = "UtilizandoEntidades", "UtilizandoEntidades\UtilizandoEntidades.csproj", "{48CE82BD-6BA9-4D69-AF18-275888689B36}"
EndProject
Project("{FAE04EC0-301F-11D3-BF4B-00C04F79EFBC}") = "Exercicio01", "Exercicio01\Exercicio01.csproj", "{2F6068FA-B7E4-4A09-A435-CD7C926AA8FE}"
EndProject
Global
	GlobalSection(SolutionConfigurationPlatforms) = preSolution
		Debug|Any CPU = Debug|Any CPU
		Release|Any CPU = Release|Any CPU
	EndGlobalSection
	GlobalSection(ProjectConfigurationPlatforms) = postSolution
		{A2F74CF4-0597-4809-A6BE-EB61515D5381}.Debug|Any CPU.ActiveCfg = Debug|Any CPU
		{A2F74CF4-0597-4809-A6BE-EB61515D5381}.Debug|Any CPU.Build.0 = Debug|Any CPU
		{A2F74CF4-0597-4809-A6BE-EB61515D5381}.Release|Any CPU.ActiveCfg = Release|Any CPU
		{A2F74CF4-0597-4809-A6BE-EB61515D5381}.Release|Any CPU.Build.0 = Release|Any CPU
		{48CE82BD-6BA9-4D69-AF18-275888689B36}.Debug|Any CPU.ActiveCfg = Debug|Any CPU
		{48CE82BD-6BA9-4D69-AF18-275888689B36}.Debug|Any CPU.Build.0 = Debug|Any CPU
		{48CE82BD-6BA9-4D69-AF18-275888689B36}.Release|Any CPU.ActiveCfg = Release|Any CPU
		{48CE82BD-6BA9-4D69-AF18-275888689B36}.Release|Any CPU.Build.0 = Release|Any CPU
		{2F6068FA-B7E4-4A09-A435-CD7C926AA8FE}.Debug|Any CPU.ActiveCfg = Debug|Any CPU
		{2F6068FA-B7E4-4A09-A435-CD7C926AA8FE}.Debug|Any CPU.Build.0 = Debug|Any CPU
		{2F6068FA-B7E4-4A09-A435-CD7C926AA8FE}.Release|Any CPU.ActiveCfg = Release|Any CPU
		{2F6068FA-B7E4-4A09-A435-CD7C926AA8FE}.Release|Any CPU.Build.0 = Release|Any CPU
	EndGlobalSection
	GlobalSection(SolutionProperties) = preSolution
		HideSolutionNode = FALSE
	EndGlobalSection
	GlobalSection(ExtensibilityGlobals) = postSolution
		SolutionGuid = {819EF027-1978-460E-84DF-FC2EE62653E2}
	EndGlobalSection
EndGlobal
